{
  "nodes": {
    "gdenv": {
      "inputs": {
        "nixpkgs": [
          "nixpkgs"
        ]
      },
      "locked": {
        "lastModified": 1,
        "narHash": "sha256-2XXpoE2R8Bg2Cff7ItnxpZpixx7memfHY8UQjlX2HT4=",
        "path": "/nix/store/9hxlf98l2v3cmxv0ffpnsv72r66hqlcf-source/gdenv",
        "type": "path"
      },
      "original": {
        "path": "/nix/store/9hxlf98l2v3cmxv0ffpnsv72r66hqlcf-source/gdenv",
        "type": "path"
      }
    },
    "home-manager": {
      "inputs": {
        "nixpkgs": [
          "nixpkgs"
        ]
      },
      "locked": {
        "lastModified": 1722630065,
        "narHash": "sha256-QfM/9BMRkCmgWzrPDK+KbgJOUlSJnfX4OvsUupEUZvA=",
        "owner": "nix-community",
        "repo": "home-manager",
        "rev": "afc892db74d65042031a093adb6010c4c3378422",
        "type": "github"
      },
      "original": {
        "owner": "nix-community",
        "repo": "home-manager",
        "type": "github"
      }
    },
    "nixpkgs": {
      "locked": {
        "lastModified": 1722421184,
        "narHash": "sha256-/DJBI6trCeVnasdjUo9pbnodCLZcFqnVZiLUfqLH4jA=",
        "owner": "NixOS",
        "repo": "nixpkgs",
        "rev": "9f918d616c5321ad374ae6cb5ea89c9e04bf3e58",
        "type": "github"
      },
      "original": {
        "owner": "NixOS",
        "ref": "nixos-unstable",
        "repo": "nixpkgs",
        "type": "github"
      }
    },
    "plasma-manager": {
      "inputs": {
        "home-manager": [
          "home-manager"
        ],
        "nixpkgs": [
          "nixpkgs"
        ]
      },
      "locked": {
        "lastModified": 1722693897,
        "narHash": "sha256-Gpa3Gf60AqshNJKUP5mAmVImFFQ6BsWG+zbqx0JGFD4=",
        "owner": "nix-community",
        "repo": "plasma-manager",
        "rev": "b17a2666bcf400cf245528d143597d1480e298f8",
        "type": "github"
      },
      "original": {
        "owner": "nix-community",
        "repo": "plasma-manager",
        "type": "github"
      }
    },
    "root": {
      "inputs": {
        "gdenv": "gdenv",
        "home-manager": "home-manager",
        "nixpkgs": "nixpkgs",
        "plasma-manager": "plasma-manager"
      }
    }
  },
  "root": "root",
  "version": 7
}
